
Microsoft Visual Studio Solution File, Format Version 12.00
# Visual Studio Version 16
VisualStudioVersion = 16.0.34931.43
MinimumVisualStudioVersion = 10.0.40219.1
Project("{9A19103F-16F7-4668-BE54-9A1E7A4F7556}") = "Network_Lib", "Network_Lib.csproj", "{EC8036B8-296A-43A5-8303-11ADD7B6F958}"
EndProject
Project("{FAE04EC0-301F-11D3-BF4B-00C04F79EFBC}") = "NetworkServer", "..\NetworkServer\NetworkServer.csproj", "{725BEFB9-8054-4E0A-A980-5C3F0A118472}"
EndProject
Project("{FAE04EC0-301F-11D3-BF4B-00C04F79EFBC}") = "Match_Maker", "..\Match_Maker\Match_Maker.csproj", "{24CEB314-0891-4EF1-9C1B-E94192F74DAB}"
EndProject
Global
	GlobalSection(SolutionConfigurationPlatforms) = preSolution
		Debug|Any CPU = Debug|Any CPU
		Release|Any CPU = Release|Any CPU
	EndGlobalSection
	GlobalSection(ProjectConfigurationPlatforms) = postSolution
		{EC8036B8-296A-43A5-8303-11ADD7B6F958}.Debug|Any CPU.ActiveCfg = Debug|Any CPU
		{EC8036B8-296A-43A5-8303-11ADD7B6F958}.Debug|Any CPU.Build.0 = Debug|Any CPU
		{EC8036B8-296A-43A5-8303-11ADD7B6F958}.Release|Any CPU.ActiveCfg = Release|Any CPU
		{EC8036B8-296A-43A5-8303-11ADD7B6F958}.Release|Any CPU.Build.0 = Release|Any CPU
		{725BEFB9-8054-4E0A-A980-5C3F0A118472}.Debug|Any CPU.ActiveCfg = Debug|Any CPU
		{725BEFB9-8054-4E0A-A980-5C3F0A118472}.Debug|Any CPU.Build.0 = Debug|Any CPU
		{725BEFB9-8054-4E0A-A980-5C3F0A118472}.Release|Any CPU.ActiveCfg = Release|Any CPU
		{725BEFB9-8054-4E0A-A980-5C3F0A118472}.Release|Any CPU.Build.0 = Release|Any CPU
		{24CEB314-0891-4EF1-9C1B-E94192F74DAB}.Debug|Any CPU.ActiveCfg = Debug|Any CPU
		{24CEB314-0891-4EF1-9C1B-E94192F74DAB}.Debug|Any CPU.Build.0 = Debug|Any CPU
		{24CEB314-0891-4EF1-9C1B-E94192F74DAB}.Release|Any CPU.ActiveCfg = Release|Any CPU
		{24CEB314-0891-4EF1-9C1B-E94192F74DAB}.Release|Any CPU.Build.0 = Release|Any CPU
	EndGlobalSection
	GlobalSection(SolutionProperties) = preSolution
		HideSolutionNode = FALSE
	EndGlobalSection
	GlobalSection(ExtensibilityGlobals) = postSolution
		SolutionGuid = {FF8D601B-68A8-429A-A41D-48534DE26F20}
	EndGlobalSection
EndGlobal
